
Microsoft Visual Studio Solution File, Format Version 12.00
# Visual Studio Version 17
VisualStudioVersion = 17.0.31903.59
MinimumVisualStudioVersion = 10.0.40219.1
Project("{2150E333-8FDC-42A3-9474-1A3956D46DE8}") = "src", "src", "{827E0CD3-B72D-47B6-A68D-7590B98EB39B}"
EndProject
Project("{2150E333-8FDC-42A3-9474-1A3956D46DE8}") = "Api", "Api", "{81034408-37C8-1011-444E-4C15C2FADA8E}"
EndProject
Project("{FAE04EC0-301F-11D3-BF4B-00C04F79EFBC}") = "ModularMonolith.Api", "src\Api\ModularMonolith.Api.csproj", "{BAAE6065-FF83-4C70-8B01-97689E756D5D}"
EndProject
Project("{FAE04EC0-301F-11D3-BF4B-00C04F79EFBC}") = "ModularMonolith.Shared", "src\Shared\ModularMonolith.Shared.csproj", "{1B117546-4B2B-422F-9CF1-BF53E3C9E734}"
EndProject
Project("{FAE04EC0-301F-11D3-BF4B-00C04F79EFBC}") = "ModularMonolith.Infrastructure", "src\Infrastructure\ModularMonolith.Infrastructure.csproj", "{B41087CB-F2D6-4684-B400-82FD1DD850D1}"
EndProject
Project("{FAE04EC0-301F-11D3-BF4B-00C04F79EFBC}") = "ModularMonolith.Users", "src\Modules\Users\ModularMonolith.Users.csproj", "{3B13B930-3D27-4238-A290-76641B7EA0AD}"
EndProject
Project("{FAE04EC0-301F-11D3-BF4B-00C04F79EFBC}") = "ModularMonolith.Roles", "src\Modules\Roles\ModularMonolith.Roles.csproj", "{9CB95293-A4AD-494A-8945-2A0E5D6A1E31}"
EndProject
Project("{FAE04EC0-301F-11D3-BF4B-00C04F79EFBC}") = "ModularMonolith.Authentication", "src\Modules\Authentication\ModularMonolith.Authentication.csproj", "{1002E1E4-F032-4450-8D9A-FF12495B7CDA}"
EndProject
Project("{2150E333-8FDC-42A3-9474-1A3956D46DE8}") = "tests", "tests", "{E1C6A7F2-8D9C-4D5E-9E6F-3A4B5C6D7E8F}"
EndProject
Project("{FAE04EC0-301F-11D3-BF4B-00C04F79EFBC}") = "ModularMonolith.UnitTests", "tests\ModularMonolith.UnitTests\ModularMonolith.UnitTests.csproj", "{A1B2C3D4-E5F6-7890-ABCD-EF1234567890}"
EndProject
Global
	GlobalSection(SolutionConfigurationPlatforms) = preSolution
		Debug|Any CPU = Debug|Any CPU
		Debug|x64 = Debug|x64
		Debug|x86 = Debug|x86
		Release|Any CPU = Release|Any CPU
		Release|x64 = Release|x64
		Release|x86 = Release|x86
	EndGlobalSection
	GlobalSection(ProjectConfigurationPlatforms) = postSolution
		{BAAE6065-FF83-4C70-8B01-97689E756D5D}.Debug|Any CPU.ActiveCfg = Debug|Any CPU
		{BAAE6065-FF83-4C70-8B01-97689E756D5D}.Debug|Any CPU.Build.0 = Debug|Any CPU
		{BAAE6065-FF83-4C70-8B01-97689E756D5D}.Debug|x64.ActiveCfg = Debug|Any CPU
		{BAAE6065-FF83-4C70-8B01-97689E756D5D}.Debug|x64.Build.0 = Debug|Any CPU
		{BAAE6065-FF83-4C70-8B01-97689E756D5D}.Debug|x86.ActiveCfg = Debug|Any CPU
		{BAAE6065-FF83-4C70-8B01-97689E756D5D}.Debug|x86.Build.0 = Debug|Any CPU
		{BAAE6065-FF83-4C70-8B01-97689E756D5D}.Release|Any CPU.ActiveCfg = Release|Any CPU
		{BAAE6065-FF83-4C70-8B01-97689E756D5D}.Release|Any CPU.Build.0 = Release|Any CPU
		{BAAE6065-FF83-4C70-8B01-97689E756D5D}.Release|x64.ActiveCfg = Release|Any CPU
		{BAAE6065-FF83-4C70-8B01-97689E756D5D}.Release|x64.Build.0 = Release|Any CPU
		{BAAE6065-FF83-4C70-8B01-97689E756D5D}.Release|x86.ActiveCfg = Release|Any CPU
		{BAAE6065-FF83-4C70-8B01-97689E756D5D}.Release|x86.Build.0 = Release|Any CPU
		{1B117546-4B2B-422F-9CF1-BF53E3C9E734}.Debug|Any CPU.ActiveCfg = Debug|Any CPU
		{1B117546-4B2B-422F-9CF1-BF53E3C9E734}.Debug|Any CPU.Build.0 = Debug|Any CPU
		{1B117546-4B2B-422F-9CF1-BF53E3C9E734}.Debug|x64.ActiveCfg = Debug|Any CPU
		{1B117546-4B2B-422F-9CF1-BF53E3C9E734}.Debug|x64.Build.0 = Debug|Any CPU
		{1B117546-4B2B-422F-9CF1-BF53E3C9E734}.Debug|x86.ActiveCfg = Debug|Any CPU
		{1B117546-4B2B-422F-9CF1-BF53E3C9E734}.Debug|x86.Build.0 = Debug|Any CPU
		{1B117546-4B2B-422F-9CF1-BF53E3C9E734}.Release|Any CPU.ActiveCfg = Release|Any CPU
		{1B117546-4B2B-422F-9CF1-BF53E3C9E734}.Release|Any CPU.Build.0 = Release|Any CPU
		{1B117546-4B2B-422F-9CF1-BF53E3C9E734}.Release|x64.ActiveCfg = Release|Any CPU
		{1B117546-4B2B-422F-9CF1-BF53E3C9E734}.Release|x64.Build.0 = Release|Any CPU
		{1B117546-4B2B-422F-9CF1-BF53E3C9E734}.Release|x86.ActiveCfg = Release|Any CPU
		{1B117546-4B2B-422F-9CF1-BF53E3C9E734}.Release|x86.Build.0 = Release|Any CPU
		{B41087CB-F2D6-4684-B400-82FD1DD850D1}.Debug|Any CPU.ActiveCfg = Debug|Any CPU
		{B41087CB-F2D6-4684-B400-82FD1DD850D1}.Debug|Any CPU.Build.0 = Debug|Any CPU
		{B41087CB-F2D6-4684-B400-82FD1DD850D1}.Debug|x64.ActiveCfg = Debug|Any CPU
		{B41087CB-F2D6-4684-B400-82FD1DD850D1}.Debug|x64.Build.0 = Debug|Any CPU
		{B41087CB-F2D6-4684-B400-82FD1DD850D1}.Debug|x86.ActiveCfg = Debug|Any CPU
		{B41087CB-F2D6-4684-B400-82FD1DD850D1}.Debug|x86.Build.0 = Debug|Any CPU
		{B41087CB-F2D6-4684-B400-82FD1DD850D1}.Release|Any CPU.ActiveCfg = Release|Any CPU
		{B41087CB-F2D6-4684-B400-82FD1DD850D1}.Release|Any CPU.Build.0 = Release|Any CPU
		{B41087CB-F2D6-4684-B400-82FD1DD850D1}.Release|x64.ActiveCfg = Release|Any CPU
		{B41087CB-F2D6-4684-B400-82FD1DD850D1}.Release|x64.Build.0 = Release|Any CPU
		{B41087CB-F2D6-4684-B400-82FD1DD850D1}.Release|x86.ActiveCfg = Release|Any CPU
		{B41087CB-F2D6-4684-B400-82FD1DD850D1}.Release|x86.Build.0 = Release|Any CPU
		{3B13B930-3D27-4238-A290-76641B7EA0AD}.Debug|Any CPU.ActiveCfg = Debug|Any CPU
		{3B13B930-3D27-4238-A290-76641B7EA0AD}.Debug|Any CPU.Build.0 = Debug|Any CPU
		{3B13B930-3D27-4238-A290-76641B7EA0AD}.Debug|x64.ActiveCfg = Debug|Any CPU
		{3B13B930-3D27-4238-A290-76641B7EA0AD}.Debug|x64.Build.0 = Debug|Any CPU
		{3B13B930-3D27-4238-A290-76641B7EA0AD}.Debug|x86.ActiveCfg = Debug|Any CPU
		{3B13B930-3D27-4238-A290-76641B7EA0AD}.Debug|x86.Build.0 = Debug|Any CPU
		{3B13B930-3D27-4238-A290-76641B7EA0AD}.Release|Any CPU.ActiveCfg = Release|Any CPU
		{3B13B930-3D27-4238-A290-76641B7EA0AD}.Release|Any CPU.Build.0 = Release|Any CPU
		{3B13B930-3D27-4238-A290-76641B7EA0AD}.Release|x64.ActiveCfg = Release|Any CPU
		{3B13B930-3D27-4238-A290-76641B7EA0AD}.Release|x64.Build.0 = Release|Any CPU
		{3B13B930-3D27-4238-A290-76641B7EA0AD}.Release|x86.ActiveCfg = Release|Any CPU
		{3B13B930-3D27-4238-A290-76641B7EA0AD}.Release|x86.Build.0 = Release|Any CPU
		{9CB95293-A4AD-494A-8945-2A0E5D6A1E31}.Debug|Any CPU.ActiveCfg = Debug|Any CPU
		{9CB95293-A4AD-494A-8945-2A0E5D6A1E31}.Debug|Any CPU.Build.0 = Debug|Any CPU
		{9CB95293-A4AD-494A-8945-2A0E5D6A1E31}.Debug|x64.ActiveCfg = Debug|Any CPU
		{9CB95293-A4AD-494A-8945-2A0E5D6A1E31}.Debug|x64.Build.0 = Debug|Any CPU
		{9CB95293-A4AD-494A-8945-2A0E5D6A1E31}.Debug|x86.ActiveCfg = Debug|Any CPU
		{9CB95293-A4AD-494A-8945-2A0E5D6A1E31}.Debug|x86.Build.0 = Debug|Any CPU
		{9CB95293-A4AD-494A-8945-2A0E5D6A1E31}.Release|Any CPU.ActiveCfg = Release|Any CPU
		{9CB95293-A4AD-494A-8945-2A0E5D6A1E31}.Release|Any CPU.Build.0 = Release|Any CPU
		{9CB95293-A4AD-494A-8945-2A0E5D6A1E31}.Release|x64.ActiveCfg = Release|Any CPU
		{9CB95293-A4AD-494A-8945-2A0E5D6A1E31}.Release|x64.Build.0 = Release|Any CPU
		{9CB95293-A4AD-494A-8945-2A0E5D6A1E31}.Release|x86.ActiveCfg = Release|Any CPU
		{9CB95293-A4AD-494A-8945-2A0E5D6A1E31}.Release|x86.Build.0 = Release|Any CPU
		{1002E1E4-F032-4450-8D9A-FF12495B7CDA}.Debug|Any CPU.ActiveCfg = Debug|Any CPU
		{1002E1E4-F032-4450-8D9A-FF12495B7CDA}.Debug|Any CPU.Build.0 = Debug|Any CPU
		{1002E1E4-F032-4450-8D9A-FF12495B7CDA}.Debug|x64.ActiveCfg = Debug|Any CPU
		{1002E1E4-F032-4450-8D9A-FF12495B7CDA}.Debug|x64.Build.0 = Debug|Any CPU
		{1002E1E4-F032-4450-8D9A-FF12495B7CDA}.Debug|x86.ActiveCfg = Debug|Any CPU
		{1002E1E4-F032-4450-8D9A-FF12495B7CDA}.Debug|x86.Build.0 = Debug|Any CPU
		{1002E1E4-F032-4450-8D9A-FF12495B7CDA}.Release|Any CPU.ActiveCfg = Release|Any CPU
		{1002E1E4-F032-4450-8D9A-FF12495B7CDA}.Release|Any CPU.Build.0 = Release|Any CPU
		{1002E1E4-F032-4450-8D9A-FF12495B7CDA}.Release|x64.ActiveCfg = Release|Any CPU
		{1002E1E4-F032-4450-8D9A-FF12495B7CDA}.Release|x64.Build.0 = Release|Any CPU
		{1002E1E4-F032-4450-8D9A-FF12495B7CDA}.Release|x86.ActiveCfg = Release|Any CPU
		{1002E1E4-F032-4450-8D9A-FF12495B7CDA}.Release|x86.Build.0 = Release|Any CPU
		{A1B2C3D4-E5F6-7890-ABCD-EF1234567890}.Debug|Any CPU.ActiveCfg = Debug|Any CPU
		{A1B2C3D4-E5F6-7890-ABCD-EF1234567890}.Debug|Any CPU.Build.0 = Debug|Any CPU
		{A1B2C3D4-E5F6-7890-ABCD-EF1234567890}.Debug|x64.ActiveCfg = Debug|Any CPU
		{A1B2C3D4-E5F6-7890-ABCD-EF1234567890}.Debug|x64.Build.0 = Debug|Any CPU
		{A1B2C3D4-E5F6-7890-ABCD-EF1234567890}.Debug|x86.ActiveCfg = Debug|Any CPU
		{A1B2C3D4-E5F6-7890-ABCD-EF1234567890}.Debug|x86.Build.0 = Debug|Any CPU
		{A1B2C3D4-E5F6-7890-ABCD-EF1234567890}.Release|Any CPU.ActiveCfg = Release|Any CPU
		{A1B2C3D4-E5F6-7890-ABCD-EF1234567890}.Release|Any CPU.Build.0 = Release|Any CPU
		{A1B2C3D4-E5F6-7890-ABCD-EF1234567890}.Release|x64.ActiveCfg = Release|Any CPU
		{A1B2C3D4-E5F6-7890-ABCD-EF1234567890}.Release|x64.Build.0 = Release|Any CPU
		{A1B2C3D4-E5F6-7890-ABCD-EF1234567890}.Release|x86.ActiveCfg = Release|Any CPU
		{A1B2C3D4-E5F6-7890-ABCD-EF1234567890}.Release|x86.Build.0 = Release|Any CPU
	EndGlobalSection
	GlobalSection(SolutionProperties) = preSolution
		HideSolutionNode = FALSE
	EndGlobalSection
	GlobalSection(NestedProjects) = preSolution
		{81034408-37C8-1011-444E-4C15C2FADA8E} = {827E0CD3-B72D-47B6-A68D-7590B98EB39B}
		{BAAE6065-FF83-4C70-8B01-97689E756D5D} = {81034408-37C8-1011-444E-4C15C2FADA8E}
		{1B117546-4B2B-422F-9CF1-BF53E3C9E734} = {81034408-37C8-1011-444E-4C15C2FADA8E}
		{B41087CB-F2D6-4684-B400-82FD1DD850D1} = {81034408-37C8-1011-444E-4C15C2FADA8E}
		{3B13B930-3D27-4238-A290-76641B7EA0AD} = {81034408-37C8-1011-444E-4C15C2FADA8E}
		{9CB95293-A4AD-494A-8945-2A0E5D6A1E31} = {81034408-37C8-1011-444E-4C15C2FADA8E}
		{1002E1E4-F032-4450-8D9A-FF12495B7CDA} = {81034408-37C8-1011-444E-4C15C2FADA8E}
		{A1B2C3D4-E5F6-7890-ABCD-EF1234567890} = {E1C6A7F2-8D9C-4D5E-9E6F-3A4B5C6D7E8F}
	EndGlobalSection
EndGlobal
